
Microsoft Visual Studio Solution File, Format Version 12.00
# Visual Studio 2013
VisualStudioVersion = 12.0.31101.0
MinimumVisualStudioVersion = 10.0.40219.1
Project("{FAE04EC0-301F-11D3-BF4B-00C04F79EFBC}") = "HelloForms", "HelloForms\HelloForms\HelloForms.csproj", "{B2E8583F-34D6-4176-8609-B5D28D714C47}"
EndProject
Project("{FAE04EC0-301F-11D3-BF4B-00C04F79EFBC}") = "HelloForms.iOS", "HelloForms\HelloForms.iOS\HelloForms.iOS.csproj", "{1FCB4358-4E33-4990-B854-51ABCEC84B4D}"
EndProject
Project("{FAE04EC0-301F-11D3-BF4B-00C04F79EFBC}") = "HelloForms.Droid", "HelloForms\HelloForms.Droid\HelloForms.Droid.csproj", "{E86B7378-0AA9-4179-ADFE-7B07D173EF6A}"
EndProject
Project("{FAE04EC0-301F-11D3-BF4B-00C04F79EFBC}") = "HelloForms.WinPhone", "HelloForms\HelloForms.WinPhone\HelloForms.WinPhone.csproj", "{2420FC6D-74B1-4874-831B-E4F4A9D1B175}"
EndProject
Global
	GlobalSection(SolutionConfigurationPlatforms) = preSolution
		Ad-Hoc|Any CPU = Ad-Hoc|Any CPU
		Ad-Hoc|ARM = Ad-Hoc|ARM
		Ad-Hoc|iPhone = Ad-Hoc|iPhone
		Ad-Hoc|iPhoneSimulator = Ad-Hoc|iPhoneSimulator
		Ad-Hoc|Mixed Platforms = Ad-Hoc|Mixed Platforms
		Ad-Hoc|x86 = Ad-Hoc|x86
		AppStore|Any CPU = AppStore|Any CPU
		AppStore|ARM = AppStore|ARM
		AppStore|iPhone = AppStore|iPhone
		AppStore|iPhoneSimulator = AppStore|iPhoneSimulator
		AppStore|Mixed Platforms = AppStore|Mixed Platforms
		AppStore|x86 = AppStore|x86
		Debug|Any CPU = Debug|Any CPU
		Debug|ARM = Debug|ARM
		Debug|iPhone = Debug|iPhone
		Debug|iPhoneSimulator = Debug|iPhoneSimulator
		Debug|Mixed Platforms = Debug|Mixed Platforms
		Debug|x86 = Debug|x86
		Release|Any CPU = Release|Any CPU
		Release|ARM = Release|ARM
		Release|iPhone = Release|iPhone
		Release|iPhoneSimulator = Release|iPhoneSimulator
		Release|Mixed Platforms = Release|Mixed Platforms
		Release|x86 = Release|x86
	EndGlobalSection
	GlobalSection(ProjectConfigurationPlatforms) = postSolution
		{B2E8583F-34D6-4176-8609-B5D28D714C47}.Ad-Hoc|Any CPU.ActiveCfg = Release|Any CPU
		{B2E8583F-34D6-4176-8609-B5D28D714C47}.Ad-Hoc|Any CPU.Build.0 = Release|Any CPU
		{B2E8583F-34D6-4176-8609-B5D28D714C47}.Ad-Hoc|ARM.ActiveCfg = Release|Any CPU
		{B2E8583F-34D6-4176-8609-B5D28D714C47}.Ad-Hoc|iPhone.ActiveCfg = Release|Any CPU
		{B2E8583F-34D6-4176-8609-B5D28D714C47}.Ad-Hoc|iPhoneSimulator.ActiveCfg = Release|Any CPU
		{B2E8583F-34D6-4176-8609-B5D28D714C47}.Ad-Hoc|Mixed Platforms.ActiveCfg = Release|Any CPU
		{B2E8583F-34D6-4176-8609-B5D28D714C47}.Ad-Hoc|Mixed Platforms.Build.0 = Release|Any CPU
		{B2E8583F-34D6-4176-8609-B5D28D714C47}.Ad-Hoc|x86.ActiveCfg = Release|Any CPU
		{B2E8583F-34D6-4176-8609-B5D28D714C47}.AppStore|Any CPU.ActiveCfg = Release|Any CPU
		{B2E8583F-34D6-4176-8609-B5D28D714C47}.AppStore|Any CPU.Build.0 = Release|Any CPU
		{B2E8583F-34D6-4176-8609-B5D28D714C47}.AppStore|ARM.ActiveCfg = Release|Any CPU
		{B2E8583F-34D6-4176-8609-B5D28D714C47}.AppStore|iPhone.ActiveCfg = Release|Any CPU
		{B2E8583F-34D6-4176-8609-B5D28D714C47}.AppStore|iPhoneSimulator.ActiveCfg = Release|Any CPU
		{B2E8583F-34D6-4176-8609-B5D28D714C47}.AppStore|Mixed Platforms.ActiveCfg = Release|Any CPU
		{B2E8583F-34D6-4176-8609-B5D28D714C47}.AppStore|Mixed Platforms.Build.0 = Release|Any CPU
		{B2E8583F-34D6-4176-8609-B5D28D714C47}.AppStore|x86.ActiveCfg = Release|Any CPU
		{B2E8583F-34D6-4176-8609-B5D28D714C47}.Debug|Any CPU.ActiveCfg = Debug|Any CPU
		{B2E8583F-34D6-4176-8609-B5D28D714C47}.Debug|Any CPU.Build.0 = Debug|Any CPU
		{B2E8583F-34D6-4176-8609-B5D28D714C47}.Debug|ARM.ActiveCfg = Debug|Any CPU
		{B2E8583F-34D6-4176-8609-B5D28D714C47}.Debug|iPhone.ActiveCfg = Debug|Any CPU
		{B2E8583F-34D6-4176-8609-B5D28D714C47}.Debug|iPhoneSimulator.ActiveCfg = Debug|Any CPU
		{B2E8583F-34D6-4176-8609-B5D28D714C47}.Debug|Mixed Platforms.ActiveCfg = Debug|Any CPU
		{B2E8583F-34D6-4176-8609-B5D28D714C47}.Debug|Mixed Platforms.Build.0 = Debug|Any CPU
		{B2E8583F-34D6-4176-8609-B5D28D714C47}.Debug|x86.ActiveCfg = Debug|Any CPU
		{B2E8583F-34D6-4176-8609-B5D28D714C47}.Release|Any CPU.ActiveCfg = Release|Any CPU
		{B2E8583F-34D6-4176-8609-B5D28D714C47}.Release|Any CPU.Build.0 = Release|Any CPU
		{B2E8583F-34D6-4176-8609-B5D28D714C47}.Release|ARM.ActiveCfg = Release|Any CPU
		{B2E8583F-34D6-4176-8609-B5D28D714C47}.Release|iPhone.ActiveCfg = Release|Any CPU
		{B2E8583F-34D6-4176-8609-B5D28D714C47}.Release|iPhoneSimulator.ActiveCfg = Release|Any CPU
		{B2E8583F-34D6-4176-8609-B5D28D714C47}.Release|Mixed Platforms.ActiveCfg = Release|Any CPU
		{B2E8583F-34D6-4176-8609-B5D28D714C47}.Release|Mixed Platforms.Build.0 = Release|Any CPU
		{B2E8583F-34D6-4176-8609-B5D28D714C47}.Release|x86.ActiveCfg = Release|Any CPU
		{1FCB4358-4E33-4990-B854-51ABCEC84B4D}.Ad-Hoc|Any CPU.ActiveCfg = Ad-Hoc|iPhone
		{1FCB4358-4E33-4990-B854-51ABCEC84B4D}.Ad-Hoc|ARM.ActiveCfg = Ad-Hoc|iPhone
		{1FCB4358-4E33-4990-B854-51ABCEC84B4D}.Ad-Hoc|iPhone.ActiveCfg = Ad-Hoc|iPhone
		{1FCB4358-4E33-4990-B854-51ABCEC84B4D}.Ad-Hoc|iPhone.Build.0 = Ad-Hoc|iPhone
		{1FCB4358-4E33-4990-B854-51ABCEC84B4D}.Ad-Hoc|iPhoneSimulator.ActiveCfg = Ad-Hoc|iPhoneSimulator
		{1FCB4358-4E33-4990-B854-51ABCEC84B4D}.Ad-Hoc|iPhoneSimulator.Build.0 = Ad-Hoc|iPhoneSimulator
		{1FCB4358-4E33-4990-B854-51ABCEC84B4D}.Ad-Hoc|Mixed Platforms.ActiveCfg = Ad-Hoc|iPhone
		{1FCB4358-4E33-4990-B854-51ABCEC84B4D}.Ad-Hoc|Mixed Platforms.Build.0 = Ad-Hoc|iPhone
		{1FCB4358-4E33-4990-B854-51ABCEC84B4D}.Ad-Hoc|x86.ActiveCfg = Ad-Hoc|iPhone
		{1FCB4358-4E33-4990-B854-51ABCEC84B4D}.AppStore|Any CPU.ActiveCfg = AppStore|iPhone
		{1FCB4358-4E33-4990-B854-51ABCEC84B4D}.AppStore|ARM.ActiveCfg = AppStore|iPhone
		{1FCB4358-4E33-4990-B854-51ABCEC84B4D}.AppStore|iPhone.ActiveCfg = AppStore|iPhone
		{1FCB4358-4E33-4990-B854-51ABCEC84B4D}.AppStore|iPhone.Build.0 = AppStore|iPhone
		{1FCB4358-4E33-4990-B854-51ABCEC84B4D}.AppStore|iPhoneSimulator.ActiveCfg = AppStore|iPhoneSimulator
		{1FCB4358-4E33-4990-B854-51ABCEC84B4D}.AppStore|iPhoneSimulator.Build.0 = AppStore|iPhoneSimulator
		{1FCB4358-4E33-4990-B854-51ABCEC84B4D}.AppStore|Mixed Platforms.ActiveCfg = AppStore|iPhone
		{1FCB4358-4E33-4990-B854-51ABCEC84B4D}.AppStore|Mixed Platforms.Build.0 = AppStore|iPhone
		{1FCB4358-4E33-4990-B854-51ABCEC84B4D}.AppStore|x86.ActiveCfg = AppStore|iPhone
		{1FCB4358-4E33-4990-B854-51ABCEC84B4D}.Debug|Any CPU.ActiveCfg = Debug|iPhoneSimulator
		{1FCB4358-4E33-4990-B854-51ABCEC84B4D}.Debug|Any CPU.Build.0 = Debug|iPhoneSimulator
		{1FCB4358-4E33-4990-B854-51ABCEC84B4D}.Debug|ARM.ActiveCfg = Debug|iPhone
		{1FCB4358-4E33-4990-B854-51ABCEC84B4D}.Debug|iPhone.ActiveCfg = Debug|iPhone
		{1FCB4358-4E33-4990-B854-51ABCEC84B4D}.Debug|iPhone.Build.0 = Debug|iPhone
		{1FCB4358-4E33-4990-B854-51ABCEC84B4D}.Debug|iPhoneSimulator.ActiveCfg = Debug|iPhoneSimulator
		{1FCB4358-4E33-4990-B854-51ABCEC84B4D}.Debug|iPhoneSimulator.Build.0 = Debug|iPhoneSimulator
		{1FCB4358-4E33-4990-B854-51ABCEC84B4D}.Debug|Mixed Platforms.ActiveCfg = Debug|iPhone
		{1FCB4358-4E33-4990-B854-51ABCEC84B4D}.Debug|Mixed Platforms.Build.0 = Debug|iPhone
		{1FCB4358-4E33-4990-B854-51ABCEC84B4D}.Debug|x86.ActiveCfg = Debug|iPhone
		{1FCB4358-4E33-4990-B854-51ABCEC84B4D}.Release|Any CPU.ActiveCfg = Release|iPhone
		{1FCB4358-4E33-4990-B854-51ABCEC84B4D}.Release|ARM.ActiveCfg = Release|iPhone
		{1FCB4358-4E33-4990-B854-51ABCEC84B4D}.Release|iPhone.ActiveCfg = Release|iPhone
		{1FCB4358-4E33-4990-B854-51ABCEC84B4D}.Release|iPhone.Build.0 = Release|iPhone
		{1FCB4358-4E33-4990-B854-51ABCEC84B4D}.Release|iPhoneSimulator.ActiveCfg = Release|iPhoneSimulator
		{1FCB4358-4E33-4990-B854-51ABCEC84B4D}.Release|iPhoneSimulator.Build.0 = Release|iPhoneSimulator
		{1FCB4358-4E33-4990-B854-51ABCEC84B4D}.Release|Mixed Platforms.ActiveCfg = Release|iPhone
		{1FCB4358-4E33-4990-B854-51ABCEC84B4D}.Release|Mixed Platforms.Build.0 = Release|iPhone
		{1FCB4358-4E33-4990-B854-51ABCEC84B4D}.Release|x86.ActiveCfg = Release|iPhone
		{E86B7378-0AA9-4179-ADFE-7B07D173EF6A}.Ad-Hoc|Any CPU.ActiveCfg = Release|Any CPU
		{E86B7378-0AA9-4179-ADFE-7B07D173EF6A}.Ad-Hoc|Any CPU.Build.0 = Release|Any CPU
		{E86B7378-0AA9-4179-ADFE-7B07D173EF6A}.Ad-Hoc|Any CPU.Deploy.0 = Release|Any CPU
		{E86B7378-0AA9-4179-ADFE-7B07D173EF6A}.Ad-Hoc|ARM.ActiveCfg = Release|Any CPU
		{E86B7378-0AA9-4179-ADFE-7B07D173EF6A}.Ad-Hoc|iPhone.ActiveCfg = Release|Any CPU
		{E86B7378-0AA9-4179-ADFE-7B07D173EF6A}.Ad-Hoc|iPhoneSimulator.ActiveCfg = Release|Any CPU
		{E86B7378-0AA9-4179-ADFE-7B07D173EF6A}.Ad-Hoc|Mixed Platforms.ActiveCfg = Release|Any CPU
		{E86B7378-0AA9-4179-ADFE-7B07D173EF6A}.Ad-Hoc|Mixed Platforms.Build.0 = Release|Any CPU
		{E86B7378-0AA9-4179-ADFE-7B07D173EF6A}.Ad-Hoc|Mixed Platforms.Deploy.0 = Release|Any CPU
		{E86B7378-0AA9-4179-ADFE-7B07D173EF6A}.Ad-Hoc|x86.ActiveCfg = Release|Any CPU
		{E86B7378-0AA9-4179-ADFE-7B07D173EF6A}.AppStore|Any CPU.ActiveCfg = Release|Any CPU
		{E86B7378-0AA9-4179-ADFE-7B07D173EF6A}.AppStore|Any CPU.Build.0 = Release|Any CPU
		{E86B7378-0AA9-4179-ADFE-7B07D173EF6A}.AppStore|Any CPU.Deploy.0 = Release|Any CPU
		{E86B7378-0AA9-4179-ADFE-7B07D173EF6A}.AppStore|ARM.ActiveCfg = Release|Any CPU
		{E86B7378-0AA9-4179-ADFE-7B07D173EF6A}.AppStore|iPhone.ActiveCfg = Release|Any CPU
		{E86B7378-0AA9-4179-ADFE-7B07D173EF6A}.AppStore|iPhoneSimulator.ActiveCfg = Release|Any CPU
		{E86B7378-0AA9-4179-ADFE-7B07D173EF6A}.AppStore|Mixed Platforms.ActiveCfg = Release|Any CPU
		{E86B7378-0AA9-4179-ADFE-7B07D173EF6A}.AppStore|Mixed Platforms.Build.0 = Release|Any CPU
		{E86B7378-0AA9-4179-ADFE-7B07D173EF6A}.AppStore|Mixed Platforms.Deploy.0 = Release|Any CPU
		{E86B7378-0AA9-4179-ADFE-7B07D173EF6A}.AppStore|x86.ActiveCfg = Release|Any CPU
		{E86B7378-0AA9-4179-ADFE-7B07D173EF6A}.Debug|Any CPU.ActiveCfg = Debug|Any CPU
		{E86B7378-0AA9-4179-ADFE-7B07D173EF6A}.Debug|Any CPU.Build.0 = Debug|Any CPU
		{E86B7378-0AA9-4179-ADFE-7B07D173EF6A}.Debug|Any CPU.Deploy.0 = Debug|Any CPU
		{E86B7378-0AA9-4179-ADFE-7B07D173EF6A}.Debug|ARM.ActiveCfg = Debug|Any CPU
		{E86B7378-0AA9-4179-ADFE-7B07D173EF6A}.Debug|iPhone.ActiveCfg = Debug|Any CPU
		{E86B7378-0AA9-4179-ADFE-7B07D173EF6A}.Debug|iPhoneSimulator.ActiveCfg = Debug|Any CPU
		{E86B7378-0AA9-4179-ADFE-7B07D173EF6A}.Debug|Mixed Platforms.ActiveCfg = Debug|Any CPU
		{E86B7378-0AA9-4179-ADFE-7B07D173EF6A}.Debug|Mixed Platforms.Build.0 = Debug|Any CPU
		{E86B7378-0AA9-4179-ADFE-7B07D173EF6A}.Debug|Mixed Platforms.Deploy.0 = Debug|Any CPU
		{E86B7378-0AA9-4179-ADFE-7B07D173EF6A}.Debug|x86.ActiveCfg = Debug|Any CPU
		{E86B7378-0AA9-4179-ADFE-7B07D173EF6A}.Release|Any CPU.ActiveCfg = Release|Any CPU
		{E86B7378-0AA9-4179-ADFE-7B07D173EF6A}.Release|Any CPU.Build.0 = Release|Any CPU
		{E86B7378-0AA9-4179-ADFE-7B07D173EF6A}.Release|Any CPU.Deploy.0 = Release|Any CPU
		{E86B7378-0AA9-4179-ADFE-7B07D173EF6A}.Release|ARM.ActiveCfg = Release|Any CPU
		{E86B7378-0AA9-4179-ADFE-7B07D173EF6A}.Release|iPhone.ActiveCfg = Release|Any CPU
		{E86B7378-0AA9-4179-ADFE-7B07D173EF6A}.Release|iPhoneSimulator.ActiveCfg = Release|Any CPU
		{E86B7378-0AA9-4179-ADFE-7B07D173EF6A}.Release|Mixed Platforms.ActiveCfg = Release|Any CPU
		{E86B7378-0AA9-4179-ADFE-7B07D173EF6A}.Release|Mixed Platforms.Build.0 = Release|Any CPU
		{E86B7378-0AA9-4179-ADFE-7B07D173EF6A}.Release|Mixed Platforms.Deploy.0 = Release|Any CPU
		{E86B7378-0AA9-4179-ADFE-7B07D173EF6A}.Release|x86.ActiveCfg = Release|Any CPU
		{2420FC6D-74B1-4874-831B-E4F4A9D1B175}.Ad-Hoc|Any CPU.ActiveCfg = Release|Any CPU
		{2420FC6D-74B1-4874-831B-E4F4A9D1B175}.Ad-Hoc|Any CPU.Build.0 = Release|Any CPU
		{2420FC6D-74B1-4874-831B-E4F4A9D1B175}.Ad-Hoc|Any CPU.Deploy.0 = Release|Any CPU
		{2420FC6D-74B1-4874-831B-E4F4A9D1B175}.Ad-Hoc|ARM.ActiveCfg = Release|ARM
		{2420FC6D-74B1-4874-831B-E4F4A9D1B175}.Ad-Hoc|ARM.Build.0 = Release|ARM
		{2420FC6D-74B1-4874-831B-E4F4A9D1B175}.Ad-Hoc|ARM.Deploy.0 = Release|ARM
		{2420FC6D-74B1-4874-831B-E4F4A9D1B175}.Ad-Hoc|iPhone.ActiveCfg = Release|Any CPU
		{2420FC6D-74B1-4874-831B-E4F4A9D1B175}.Ad-Hoc|iPhoneSimulator.ActiveCfg = Release|Any CPU
		{2420FC6D-74B1-4874-831B-E4F4A9D1B175}.Ad-Hoc|Mixed Platforms.ActiveCfg = Release|x86
		{2420FC6D-74B1-4874-831B-E4F4A9D1B175}.Ad-Hoc|Mixed Platforms.Build.0 = Release|x86
		{2420FC6D-74B1-4874-831B-E4F4A9D1B175}.Ad-Hoc|Mixed Platforms.Deploy.0 = Release|x86
		{2420FC6D-74B1-4874-831B-E4F4A9D1B175}.Ad-Hoc|x86.ActiveCfg = Release|x86
		{2420FC6D-74B1-4874-831B-E4F4A9D1B175}.Ad-Hoc|x86.Build.0 = Release|x86
		{2420FC6D-74B1-4874-831B-E4F4A9D1B175}.Ad-Hoc|x86.Deploy.0 = Release|x86
		{2420FC6D-74B1-4874-831B-E4F4A9D1B175}.AppStore|Any CPU.ActiveCfg = Release|Any CPU
		{2420FC6D-74B1-4874-831B-E4F4A9D1B175}.AppStore|Any CPU.Build.0 = Release|Any CPU
		{2420FC6D-74B1-4874-831B-E4F4A9D1B175}.AppStore|Any CPU.Deploy.0 = Release|Any CPU
		{2420FC6D-74B1-4874-831B-E4F4A9D1B175}.AppStore|ARM.ActiveCfg = Release|ARM
		{2420FC6D-74B1-4874-831B-E4F4A9D1B175}.AppStore|ARM.Build.0 = Release|ARM
		{2420FC6D-74B1-4874-831B-E4F4A9D1B175}.AppStore|ARM.Deploy.0 = Release|ARM
		{2420FC6D-74B1-4874-831B-E4F4A9D1B175}.AppStore|iPhone.ActiveCfg = Release|Any CPU
		{2420FC6D-74B1-4874-831B-E4F4A9D1B175}.AppStore|iPhoneSimulator.ActiveCfg = Release|Any CPU
		{2420FC6D-74B1-4874-831B-E4F4A9D1B175}.AppStore|Mixed Platforms.ActiveCfg = Release|x86
		{2420FC6D-74B1-4874-831B-E4F4A9D1B175}.AppStore|Mixed Platforms.Build.0 = Release|x86
		{2420FC6D-74B1-4874-831B-E4F4A9D1B175}.AppStore|Mixed Platforms.Deploy.0 = Release|x86
		{2420FC6D-74B1-4874-831B-E4F4A9D1B175}.AppStore|x86.ActiveCfg = Release|x86
		{2420FC6D-74B1-4874-831B-E4F4A9D1B175}.AppStore|x86.Build.0 = Release|x86
		{2420FC6D-74B1-4874-831B-E4F4A9D1B175}.AppStore|x86.Deploy.0 = Release|x86
		{2420FC6D-74B1-4874-831B-E4F4A9D1B175}.Debug|Any CPU.ActiveCfg = Debug|Any CPU
		{2420FC6D-74B1-4874-831B-E4F4A9D1B175}.Debug|Any CPU.Build.0 = Debug|Any CPU
		{2420FC6D-74B1-4874-831B-E4F4A9D1B175}.Debug|Any CPU.Deploy.0 = Debug|Any CPU
		{2420FC6D-74B1-4874-831B-E4F4A9D1B175}.Debug|ARM.ActiveCfg = Debug|ARM
		{2420FC6D-74B1-4874-831B-E4F4A9D1B175}.Debug|ARM.Build.0 = Debug|ARM
		{2420FC6D-74B1-4874-831B-E4F4A9D1B175}.Debug|ARM.Deploy.0 = Debug|ARM
		{2420FC6D-74B1-4874-831B-E4F4A9D1B175}.Debug|iPhone.ActiveCfg = Debug|Any CPU
		{2420FC6D-74B1-4874-831B-E4F4A9D1B175}.Debug|iPhoneSimulator.ActiveCfg = Debug|Any CPU
		{2420FC6D-74B1-4874-831B-E4F4A9D1B175}.Debug|Mixed Platforms.ActiveCfg = Debug|x86
		{2420FC6D-74B1-4874-831B-E4F4A9D1B175}.Debug|Mixed Platforms.Build.0 = Debug|x86
		{2420FC6D-74B1-4874-831B-E4F4A9D1B175}.Debug|Mixed Platforms.Deploy.0 = Debug|x86
		{2420FC6D-74B1-4874-831B-E4F4A9D1B175}.Debug|x86.ActiveCfg = Debug|x86
		{2420FC6D-74B1-4874-831B-E4F4A9D1B175}.Debug|x86.Build.0 = Debug|x86
		{2420FC6D-74B1-4874-831B-E4F4A9D1B175}.Debug|x86.Deploy.0 = Debug|x86
		{2420FC6D-74B1-4874-831B-E4F4A9D1B175}.Release|Any CPU.ActiveCfg = Release|Any CPU
		{2420FC6D-74B1-4874-831B-E4F4A9D1B175}.Release|Any CPU.Build.0 = Release|Any CPU
		{2420FC6D-74B1-4874-831B-E4F4A9D1B175}.Release|Any CPU.Deploy.0 = Release|Any CPU
		{2420FC6D-74B1-4874-831B-E4F4A9D1B175}.Release|ARM.ActiveCfg = Release|ARM
		{2420FC6D-74B1-4874-831B-E4F4A9D1B175}.Release|ARM.Build.0 = Release|ARM
		{2420FC6D-74B1-4874-831B-E4F4A9D1B175}.Release|ARM.Deploy.0 = Release|ARM
		{2420FC6D-74B1-4874-831B-E4F4A9D1B175}.Release|iPhone.ActiveCfg = Release|Any CPU
		{2420FC6D-74B1-4874-831B-E4F4A9D1B175}.Release|iPhoneSimulator.ActiveCfg = Release|Any CPU
		{2420FC6D-74B1-4874-831B-E4F4A9D1B175}.Release|Mixed Platforms.ActiveCfg = Release|x86
		{2420FC6D-74B1-4874-831B-E4F4A9D1B175}.Release|Mixed Platforms.Build.0 = Release|x86
		{2420FC6D-74B1-4874-831B-E4F4A9D1B175}.Release|Mixed Platforms.Deploy.0 = Release|x86
		{2420FC6D-74B1-4874-831B-E4F4A9D1B175}.Release|x86.ActiveCfg = Release|x86
		{2420FC6D-74B1-4874-831B-E4F4A9D1B175}.Release|x86.Build.0 = Release|x86
		{2420FC6D-74B1-4874-831B-E4F4A9D1B175}.Release|x86.Deploy.0 = Release|x86
	EndGlobalSection
	GlobalSection(SolutionProperties) = preSolution
		HideSolutionNode = FALSE
	EndGlobalSection
EndGlobal
